
Microsoft Visual Studio Solution File, Format Version 12.00
# Visual Studio Version 16
VisualStudioVersion = 16.0.30503.244
MinimumVisualStudioVersion = 10.0.40219.1
Project("{2150E333-8FDC-42A3-9474-1A3956D46DE8}") = "Capas", "Capas", "{F85E515A-4B8A-4226-B59D-7BFE483E1DEE}"
EndProject
Project("{2150E333-8FDC-42A3-9474-1A3956D46DE8}") = "1. Presentacion", "1. Presentacion", "{9CE41051-14CF-4F1D-AE81-A302D79C7BB5}"
EndProject
Project("{2150E333-8FDC-42A3-9474-1A3956D46DE8}") = "2. Aplicacion", "2. Aplicacion", "{DE2542B5-037C-4634-B874-BD0CBEE1144F}"
EndProject
Project("{2150E333-8FDC-42A3-9474-1A3956D46DE8}") = "3. Dominio", "3. Dominio", "{ACAA4D4C-FB64-43C4-94A4-201AE186E518}"
EndProject
Project("{2150E333-8FDC-42A3-9474-1A3956D46DE8}") = "4. Persistencia", "4. Persistencia", "{A06922A0-74A5-4038-8BC4-62B522F5F688}"
EndProject
Project("{2150E333-8FDC-42A3-9474-1A3956D46DE8}") = "1.1 WinForms", "1.1 WinForms", "{3C21C968-C21F-496D-A6A1-0F164823315E}"
EndProject
Project("{FAE04EC0-301F-11D3-BF4B-00C04F79EFBC}") = "Presentacion.WinForms", "Presentacion.WinForms\Presentacion.WinForms.csproj", "{17723A0F-8795-432B-A3A8-D87F6B16EB6B}"
EndProject
Project("{FAE04EC0-301F-11D3-BF4B-00C04F79EFBC}") = "CapaAplicacion", "CapaAplicacion\CapaAplicacion.csproj", "{3F96FDE0-6E3A-4A01-BE71-92D52535E743}"
EndProject
Project("{FAE04EC0-301F-11D3-BF4B-00C04F79EFBC}") = "CapaDominio", "CapaDominio\CapaDominio.csproj", "{230E0019-FC42-4435-9F1B-26D54164E696}"
EndProject
Project("{FAE04EC0-301F-11D3-BF4B-00C04F79EFBC}") = "CapaPersistencia", "CapaPersistencia\CapaPersistencia.csproj", "{1165DD00-B096-42A8-81DA-F6D6AEE88152}"
EndProject
Global
	GlobalSection(SolutionConfigurationPlatforms) = preSolution
		Debug|Any CPU = Debug|Any CPU
		Release|Any CPU = Release|Any CPU
	EndGlobalSection
	GlobalSection(ProjectConfigurationPlatforms) = postSolution
		{17723A0F-8795-432B-A3A8-D87F6B16EB6B}.Debug|Any CPU.ActiveCfg = Debug|Any CPU
		{17723A0F-8795-432B-A3A8-D87F6B16EB6B}.Debug|Any CPU.Build.0 = Debug|Any CPU
		{17723A0F-8795-432B-A3A8-D87F6B16EB6B}.Release|Any CPU.ActiveCfg = Release|Any CPU
		{17723A0F-8795-432B-A3A8-D87F6B16EB6B}.Release|Any CPU.Build.0 = Release|Any CPU
		{3F96FDE0-6E3A-4A01-BE71-92D52535E743}.Debug|Any CPU.ActiveCfg = Debug|Any CPU
		{3F96FDE0-6E3A-4A01-BE71-92D52535E743}.Debug|Any CPU.Build.0 = Debug|Any CPU
		{3F96FDE0-6E3A-4A01-BE71-92D52535E743}.Release|Any CPU.ActiveCfg = Release|Any CPU
		{3F96FDE0-6E3A-4A01-BE71-92D52535E743}.Release|Any CPU.Build.0 = Release|Any CPU
		{230E0019-FC42-4435-9F1B-26D54164E696}.Debug|Any CPU.ActiveCfg = Debug|Any CPU
		{230E0019-FC42-4435-9F1B-26D54164E696}.Debug|Any CPU.Build.0 = Debug|Any CPU
		{230E0019-FC42-4435-9F1B-26D54164E696}.Release|Any CPU.ActiveCfg = Release|Any CPU
		{230E0019-FC42-4435-9F1B-26D54164E696}.Release|Any CPU.Build.0 = Release|Any CPU
		{1165DD00-B096-42A8-81DA-F6D6AEE88152}.Debug|Any CPU.ActiveCfg = Debug|Any CPU
		{1165DD00-B096-42A8-81DA-F6D6AEE88152}.Debug|Any CPU.Build.0 = Debug|Any CPU
		{1165DD00-B096-42A8-81DA-F6D6AEE88152}.Release|Any CPU.ActiveCfg = Release|Any CPU
		{1165DD00-B096-42A8-81DA-F6D6AEE88152}.Release|Any CPU.Build.0 = Release|Any CPU
	EndGlobalSection
	GlobalSection(SolutionProperties) = preSolution
		HideSolutionNode = FALSE
	EndGlobalSection
	GlobalSection(NestedProjects) = preSolution
		{9CE41051-14CF-4F1D-AE81-A302D79C7BB5} = {F85E515A-4B8A-4226-B59D-7BFE483E1DEE}
		{DE2542B5-037C-4634-B874-BD0CBEE1144F} = {F85E515A-4B8A-4226-B59D-7BFE483E1DEE}
		{ACAA4D4C-FB64-43C4-94A4-201AE186E518} = {F85E515A-4B8A-4226-B59D-7BFE483E1DEE}
		{A06922A0-74A5-4038-8BC4-62B522F5F688} = {F85E515A-4B8A-4226-B59D-7BFE483E1DEE}
		{3C21C968-C21F-496D-A6A1-0F164823315E} = {9CE41051-14CF-4F1D-AE81-A302D79C7BB5}
		{17723A0F-8795-432B-A3A8-D87F6B16EB6B} = {3C21C968-C21F-496D-A6A1-0F164823315E}
		{3F96FDE0-6E3A-4A01-BE71-92D52535E743} = {DE2542B5-037C-4634-B874-BD0CBEE1144F}
		{230E0019-FC42-4435-9F1B-26D54164E696} = {ACAA4D4C-FB64-43C4-94A4-201AE186E518}
		{1165DD00-B096-42A8-81DA-F6D6AEE88152} = {A06922A0-74A5-4038-8BC4-62B522F5F688}
	EndGlobalSection
	GlobalSection(ExtensibilityGlobals) = postSolution
		SolutionGuid = {DFCA68A5-23A8-4ECC-A00C-52435A9583B2}
	EndGlobalSection
EndGlobal
